
Microsoft Visual Studio Solution File, Format Version 12.00
# Visual Studio 15
VisualStudioVersion = 15.0.28010.2003
MinimumVisualStudioVersion = 10.0.40219.1
Project("{FAE04EC0-301F-11D3-BF4B-00C04F79EFBC}") = "models", "lab1\models.csproj", "{8B551113-9BAD-4340-8364-EEDECD375EA9}"
EndProject
Project("{FAE04EC0-301F-11D3-BF4B-00C04F79EFBC}") = "database", "database\database.csproj", "{F616AA1D-FF94-4F6F-8911-DCC028D21933}"
EndProject
Project("{FAE04EC0-301F-11D3-BF4B-00C04F79EFBC}") = "application", "application\application.csproj", "{3A8A9F23-15AA-4C2A-912A-357F3EF0A4AE}"
EndProject
Global
	GlobalSection(SolutionConfigurationPlatforms) = preSolution
		Debug|Any CPU = Debug|Any CPU
		Release|Any CPU = Release|Any CPU
	EndGlobalSection
	GlobalSection(ProjectConfigurationPlatforms) = postSolution
		{8B551113-9BAD-4340-8364-EEDECD375EA9}.Debug|Any CPU.ActiveCfg = Debug|Any CPU
		{8B551113-9BAD-4340-8364-EEDECD375EA9}.Debug|Any CPU.Build.0 = Debug|Any CPU
		{8B551113-9BAD-4340-8364-EEDECD375EA9}.Release|Any CPU.ActiveCfg = Release|Any CPU
		{8B551113-9BAD-4340-8364-EEDECD375EA9}.Release|Any CPU.Build.0 = Release|Any CPU
		{F616AA1D-FF94-4F6F-8911-DCC028D21933}.Debug|Any CPU.ActiveCfg = Debug|Any CPU
		{F616AA1D-FF94-4F6F-8911-DCC028D21933}.Debug|Any CPU.Build.0 = Debug|Any CPU
		{F616AA1D-FF94-4F6F-8911-DCC028D21933}.Release|Any CPU.ActiveCfg = Release|Any CPU
		{F616AA1D-FF94-4F6F-8911-DCC028D21933}.Release|Any CPU.Build.0 = Release|Any CPU
		{3A8A9F23-15AA-4C2A-912A-357F3EF0A4AE}.Debug|Any CPU.ActiveCfg = Debug|Any CPU
		{3A8A9F23-15AA-4C2A-912A-357F3EF0A4AE}.Debug|Any CPU.Build.0 = Debug|Any CPU
		{3A8A9F23-15AA-4C2A-912A-357F3EF0A4AE}.Release|Any CPU.ActiveCfg = Release|Any CPU
		{3A8A9F23-15AA-4C2A-912A-357F3EF0A4AE}.Release|Any CPU.Build.0 = Release|Any CPU
	EndGlobalSection
	GlobalSection(SolutionProperties) = preSolution
		HideSolutionNode = FALSE
	EndGlobalSection
	GlobalSection(ExtensibilityGlobals) = postSolution
		SolutionGuid = {7070617F-69C5-4384-BC34-CF7619BB8C63}
	EndGlobalSection
EndGlobal
